github.com/BurntSushi/toml v1.4.0 h1:kuoIxZQy2WRRk1pttg9asf+WVv6tWQuBNVmK8+nqPr0=
github.com/BurntSushi/toml v1.4.0/go.mod h1:ukJfTF/6rtPPRCnwkur4qwRxa8vTRFBF0uk2lLoLwho=
github.com/bazelbuild/rules_go v0.49.0 h1:5vCbuvy8Q11g41lseGJDc5vxhDjJtfxr6nM/IC4VmqM=
github.com/bazelbuild/rules_go v0.49.0/go.mod h1:Dhcz716Kqg1RHNWos+N6MlXNkjNP2EwZQ0LukRKJfMs=
golang.org/x/exp/typeparams v0.0.0-20240707233637-46b078467d37 h1:sLjLh33O815/196VSJe2X7Mmaud/GGjSubpzkgfRroY=
golang.org/x/exp/typeparams v0.0.0-20240707233637-46b078467d37/go.mod h1:AbB0pIl9nAr9wVwH+Z2ZpaocVmF5I4GyWCDIsVjR0bk=
golang.org/x/mod v0.19.0 h1:fEdghXQSo20giMthA7cd28ZC+jts4amQ3YMXiP5oMQ8=
golang.org/x/mod v0.19.0/go.mod h1:hTbmBsO62+eylJbnUtE2MGJUyE7QWk4xUqPFrRgJ+7c=
golang.org/x/sync v0.7.0 h1:YsImfSBoP9QPYL0xyKJPq0gcaJdG3rInoqxTWbfQu9M=
golang.org/x/sync v0.7.0/go.mod h1:Czt+wKu1gCyEFDUtn0jG5QVvpJ6rzVqr5aXyt9drQfk=
golang.org/x/tools v0.23.0 h1:SGsXPZ+2l4JsgaCKkx+FQ9YZ5XEtA1GZYuoDjenLjvg=
golang.org/x/tools v0.23.0/go.mod h1:pnu6ufv6vQkll6szChhK3C3L/ruaIv5eBeztNG8wtsI=
honnef.co/go/tools v0.4.7 h1:9MDAWxMoSnB6QoSqiVr7P5mtkT9pOc1kSxchzPCnqJs=
honnef.co/go/tools v0.4.7/go.mod h1:+rnGS1THNh8zMwnd2oVOTL9QF6vmfyG6ZXBULae2uc0=
