github.com/golangci/gofmt v0.0.0-20190930125516-244bba706f1a h1:iR3fYXUjHCR97qWS8ch1y9zPNsgXThGwjKPrYfqMPks=
github.com/golangci/gofmt v0.0.0-20190930125516-244bba706f1a/go.mod h1:9qCChq59u/eW8im404Q2WWTrnBUQKjpNYKMbU4M7EFU=
golang.org/x/tools v0.1.11 h1:loJ25fNOEhSXfHrpoGj91eCUThwdNX6u24rO1xnNteY=
