github.com/golangci/prealloc v0.0.0-20180630174525-215b22d4de21 h1:leSNB7iYzLYSSx3J/s5sVf4Drkc68W2wm4Ixh/mr0us=
github.com/golangci/prealloc v0.0.0-20180630174525-215b22d4de21/go.mod h1:tf5+bzsHdTM0bsB7+8mt0GUMvjCgwLpTapNZHU8AajI=
golang.org/x/tools v0.1.11 h1:loJ25fNOEhSXfHrpoGj91eCUThwdNX6u24rO1xnNteY=
golang.org/x/tools v0.1.11/go.mod h1:SgwaegtQh8clINPpECJMqnxLv9I09HLqnW3RMqW0CA4=
