github.com/golangci/gofmt v0.0.0-20190930125516-244bba706f1a h1:iR3fYXUjHCR97qWS8ch1y9zPNsgXThGwjKPrYfqMPks=
github.com/golangci/gofmt v0.0.0-20190930125516-244bba706f1a/go.mod h1:9qCChq59u/eW8im404Q2WWTrnBUQKjpNYKMbU4M7EFU=
golang.org/x/mod v0.7.0 h1:LapD9S96VoQRhi/GrNTqeBJFrUjs5UHCAtTlgwA5oZA=
golang.org/x/sys v0.3.0 h1:w8ZOecv6NaNa/zC8944JTU3vz4u6Lagfk4RPQxv92NQ=
golang.org/x/tools v0.4.1-0.20221208213631-3f74d914ae6d h1:9ZNWAi4CYhNv60mXGgAncgq7SGc5qa7C8VZV8Tg7Ggs=
