github.com/golangci/gofmt v0.0.0-20231018234816-f50ced29576e h1:ULcKCDV1LOZPFxGZaA6TlQbiM3J2GCPnkx/bGF6sX/g=
github.com/golangci/gofmt v0.0.0-20231018234816-f50ced29576e/go.mod h1:Pm5KhLPA8gSnQwrQ6ukebRcapGb/BG9iUkdaiCcGHJM=
github.com/golangci/gofmt v0.0.0-20240710011838-52c11c6007e5 h1:QwSLkzFDgeU/VEFxdlXSGFyYpnOU6z3f9HhoaKxhuvY=
github.com/golangci/gofmt v0.0.0-20240710011838-52c11c6007e5/go.mod h1:YUrl2t63y0Ofpy74+wu/O18RfPenFkc9I3ntyYuGCtI=
golang.org/x/mod v0.19.0 h1:fEdghXQSo20giMthA7cd28ZC+jts4amQ3YMXiP5oMQ8=
golang.org/x/mod v0.19.0/go.mod h1:hTbmBsO62+eylJbnUtE2MGJUyE7QWk4xUqPFrRgJ+7c=
golang.org/x/sync v0.7.0 h1:YsImfSBoP9QPYL0xyKJPq0gcaJdG3rInoqxTWbfQu9M=
golang.org/x/sync v0.7.0/go.mod h1:Czt+wKu1gCyEFDUtn0jG5QVvpJ6rzVqr5aXyt9drQfk=
golang.org/x/tools v0.23.0 h1:SGsXPZ+2l4JsgaCKkx+FQ9YZ5XEtA1GZYuoDjenLjvg=
golang.org/x/tools v0.23.0/go.mod h1:pnu6ufv6vQkll6szChhK3C3L/ruaIv5eBeztNG8wtsI=
